
Microsoft Visual Studio Solution File, Format Version 12.00
# Visual Studio Version 16
VisualStudioVersion = 16.0.30413.136
MinimumVisualStudioVersion = 10.0.40219.1
Project("{FAE04EC0-301F-11D3-BF4B-00C04F79EFBC}") = "StudentRosterProgram", "StudentRosterProgram.csproj", "{09F76D1C-62F1-40DB-A1B2-84723A4487CC}"
EndProject
Global
	GlobalSection(SolutionConfigurationPlatforms) = preSolution
		Debug|Any CPU = Debug|Any CPU
		Release|Any CPU = Release|Any CPU
	EndGlobalSection
	GlobalSection(ProjectConfigurationPlatforms) = postSolution
		{09F76D1C-62F1-40DB-A1B2-84723A4487CC}.Debug|Any CPU.ActiveCfg = Debug|Any CPU
		{09F76D1C-62F1-40DB-A1B2-84723A4487CC}.Debug|Any CPU.Build.0 = Debug|Any CPU
		{09F76D1C-62F1-40DB-A1B2-84723A4487CC}.Release|Any CPU.ActiveCfg = Release|Any CPU
		{09F76D1C-62F1-40DB-A1B2-84723A4487CC}.Release|Any CPU.Build.0 = Release|Any CPU
	EndGlobalSection
	GlobalSection(SolutionProperties) = preSolution
		HideSolutionNode = FALSE
	EndGlobalSection
	GlobalSection(ExtensibilityGlobals) = postSolution
		SolutionGuid = {23D4C2F1-6D1E-46BC-AE1C-19A8AFD133D4}
	EndGlobalSection
EndGlobal
